
Microsoft Visual Studio Solution File, Format Version 12.00
# Visual Studio Version 16
VisualStudioVersion = 16.0.29503.13
MinimumVisualStudioVersion = 10.0.40219.1
Project("{FAE04EC0-301F-11D3-BF4B-00C04F79EFBC}") = "SaggezzaApp.Android", "SaggezzaApp\SaggezzaApp.Android\SaggezzaApp.Android.csproj", "{AFF4DCB0-E20D-4460-A986-C8BC1949AA9A}"
EndProject
Project("{FAE04EC0-301F-11D3-BF4B-00C04F79EFBC}") = "SaggezzaApp.iOS", "SaggezzaApp\SaggezzaApp.iOS\SaggezzaApp.iOS.csproj", "{54FF5D7F-201B-42D8-991E-CE1565FD9758}"
EndProject
Project("{FAE04EC0-301F-11D3-BF4B-00C04F79EFBC}") = "SaggezzaApp", "SaggezzaApp\SaggezzaApp\SaggezzaApp.csproj", "{6282EFE5-2539-43DC-894A-00AAC51001F6}"
EndProject
Global
	GlobalSection(SolutionConfigurationPlatforms) = preSolution
		Debug|Any CPU = Debug|Any CPU
		Debug|iPhone = Debug|iPhone
		Debug|iPhoneSimulator = Debug|iPhoneSimulator
		Release|Any CPU = Release|Any CPU
		Release|iPhone = Release|iPhone
		Release|iPhoneSimulator = Release|iPhoneSimulator
	EndGlobalSection
	GlobalSection(ProjectConfigurationPlatforms) = postSolution
		{AFF4DCB0-E20D-4460-A986-C8BC1949AA9A}.Debug|Any CPU.ActiveCfg = Debug|Any CPU
		{AFF4DCB0-E20D-4460-A986-C8BC1949AA9A}.Debug|Any CPU.Build.0 = Debug|Any CPU
		{AFF4DCB0-E20D-4460-A986-C8BC1949AA9A}.Debug|Any CPU.Deploy.0 = Debug|Any CPU
		{AFF4DCB0-E20D-4460-A986-C8BC1949AA9A}.Debug|iPhone.ActiveCfg = Debug|Any CPU
		{AFF4DCB0-E20D-4460-A986-C8BC1949AA9A}.Debug|iPhone.Build.0 = Debug|Any CPU
		{AFF4DCB0-E20D-4460-A986-C8BC1949AA9A}.Debug|iPhone.Deploy.0 = Debug|Any CPU
		{AFF4DCB0-E20D-4460-A986-C8BC1949AA9A}.Debug|iPhoneSimulator.ActiveCfg = Debug|Any CPU
		{AFF4DCB0-E20D-4460-A986-C8BC1949AA9A}.Debug|iPhoneSimulator.Build.0 = Debug|Any CPU
		{AFF4DCB0-E20D-4460-A986-C8BC1949AA9A}.Debug|iPhoneSimulator.Deploy.0 = Debug|Any CPU
		{AFF4DCB0-E20D-4460-A986-C8BC1949AA9A}.Release|Any CPU.ActiveCfg = Release|Any CPU
		{AFF4DCB0-E20D-4460-A986-C8BC1949AA9A}.Release|Any CPU.Build.0 = Release|Any CPU
		{AFF4DCB0-E20D-4460-A986-C8BC1949AA9A}.Release|Any CPU.Deploy.0 = Release|Any CPU
		{AFF4DCB0-E20D-4460-A986-C8BC1949AA9A}.Release|iPhone.ActiveCfg = Release|Any CPU
		{AFF4DCB0-E20D-4460-A986-C8BC1949AA9A}.Release|iPhone.Build.0 = Release|Any CPU
		{AFF4DCB0-E20D-4460-A986-C8BC1949AA9A}.Release|iPhone.Deploy.0 = Release|Any CPU
		{AFF4DCB0-E20D-4460-A986-C8BC1949AA9A}.Release|iPhoneSimulator.ActiveCfg = Release|Any CPU
		{AFF4DCB0-E20D-4460-A986-C8BC1949AA9A}.Release|iPhoneSimulator.Build.0 = Release|Any CPU
		{AFF4DCB0-E20D-4460-A986-C8BC1949AA9A}.Release|iPhoneSimulator.Deploy.0 = Release|Any CPU
		{54FF5D7F-201B-42D8-991E-CE1565FD9758}.Debug|Any CPU.ActiveCfg = Debug|iPhoneSimulator
		{54FF5D7F-201B-42D8-991E-CE1565FD9758}.Debug|Any CPU.Build.0 = Debug|iPhoneSimulator
		{54FF5D7F-201B-42D8-991E-CE1565FD9758}.Debug|Any CPU.Deploy.0 = Debug|iPhoneSimulator
		{54FF5D7F-201B-42D8-991E-CE1565FD9758}.Debug|iPhone.ActiveCfg = Debug|iPhone
		{54FF5D7F-201B-42D8-991E-CE1565FD9758}.Debug|iPhone.Build.0 = Debug|iPhone
		{54FF5D7F-201B-42D8-991E-CE1565FD9758}.Debug|iPhone.Deploy.0 = Debug|iPhone
		{54FF5D7F-201B-42D8-991E-CE1565FD9758}.Debug|iPhoneSimulator.ActiveCfg = Debug|iPhoneSimulator
		{54FF5D7F-201B-42D8-991E-CE1565FD9758}.Debug|iPhoneSimulator.Build.0 = Debug|iPhoneSimulator
		{54FF5D7F-201B-42D8-991E-CE1565FD9758}.Debug|iPhoneSimulator.Deploy.0 = Debug|iPhoneSimulator
		{54FF5D7F-201B-42D8-991E-CE1565FD9758}.Release|Any CPU.ActiveCfg = Release|iPhone
		{54FF5D7F-201B-42D8-991E-CE1565FD9758}.Release|Any CPU.Build.0 = Release|iPhone
		{54FF5D7F-201B-42D8-991E-CE1565FD9758}.Release|Any CPU.Deploy.0 = Release|iPhone
		{54FF5D7F-201B-42D8-991E-CE1565FD9758}.Release|iPhone.ActiveCfg = Release|iPhone
		{54FF5D7F-201B-42D8-991E-CE1565FD9758}.Release|iPhone.Build.0 = Release|iPhone
		{54FF5D7F-201B-42D8-991E-CE1565FD9758}.Release|iPhone.Deploy.0 = Release|iPhone
		{54FF5D7F-201B-42D8-991E-CE1565FD9758}.Release|iPhoneSimulator.ActiveCfg = Release|iPhoneSimulator
		{54FF5D7F-201B-42D8-991E-CE1565FD9758}.Release|iPhoneSimulator.Build.0 = Release|iPhoneSimulator
		{54FF5D7F-201B-42D8-991E-CE1565FD9758}.Release|iPhoneSimulator.Deploy.0 = Release|iPhoneSimulator
		{6282EFE5-2539-43DC-894A-00AAC51001F6}.Debug|Any CPU.ActiveCfg = Debug|Any CPU
		{6282EFE5-2539-43DC-894A-00AAC51001F6}.Debug|Any CPU.Build.0 = Debug|Any CPU
		{6282EFE5-2539-43DC-894A-00AAC51001F6}.Debug|Any CPU.Deploy.0 = Debug|Any CPU
		{6282EFE5-2539-43DC-894A-00AAC51001F6}.Debug|iPhone.ActiveCfg = Debug|Any CPU
		{6282EFE5-2539-43DC-894A-00AAC51001F6}.Debug|iPhone.Build.0 = Debug|Any CPU
		{6282EFE5-2539-43DC-894A-00AAC51001F6}.Debug|iPhone.Deploy.0 = Debug|Any CPU
		{6282EFE5-2539-43DC-894A-00AAC51001F6}.Debug|iPhoneSimulator.ActiveCfg = Debug|Any CPU
		{6282EFE5-2539-43DC-894A-00AAC51001F6}.Debug|iPhoneSimulator.Build.0 = Debug|Any CPU
		{6282EFE5-2539-43DC-894A-00AAC51001F6}.Debug|iPhoneSimulator.Deploy.0 = Debug|Any CPU
		{6282EFE5-2539-43DC-894A-00AAC51001F6}.Release|Any CPU.ActiveCfg = Release|Any CPU
		{6282EFE5-2539-43DC-894A-00AAC51001F6}.Release|Any CPU.Build.0 = Release|Any CPU
		{6282EFE5-2539-43DC-894A-00AAC51001F6}.Release|Any CPU.Deploy.0 = Release|Any CPU
		{6282EFE5-2539-43DC-894A-00AAC51001F6}.Release|iPhone.ActiveCfg = Release|Any CPU
		{6282EFE5-2539-43DC-894A-00AAC51001F6}.Release|iPhone.Build.0 = Release|Any CPU
		{6282EFE5-2539-43DC-894A-00AAC51001F6}.Release|iPhone.Deploy.0 = Release|Any CPU
		{6282EFE5-2539-43DC-894A-00AAC51001F6}.Release|iPhoneSimulator.ActiveCfg = Release|Any CPU
		{6282EFE5-2539-43DC-894A-00AAC51001F6}.Release|iPhoneSimulator.Build.0 = Release|Any CPU
		{6282EFE5-2539-43DC-894A-00AAC51001F6}.Release|iPhoneSimulator.Deploy.0 = Release|Any CPU
	EndGlobalSection
	GlobalSection(SolutionProperties) = preSolution
		HideSolutionNode = FALSE
	EndGlobalSection
	GlobalSection(ExtensibilityGlobals) = postSolution
		SolutionGuid = {F5AD9047-A5F7-4BF6-A3B9-E886CC9F7BEF}
	EndGlobalSection
EndGlobal
